
Microsoft Visual Studio Solution File, Format Version 12.00
Project("{FAE04EC0-301F-11D3-BF4B-00C04F79EFBC}") = "CleanUI", "CleanUI\CleanUI.csproj", "{CF89E45D-4CCB-482A-96AE-47DC0FBDDA7D}"
EndProject
Global
	GlobalSection(SolutionConfigurationPlatforms) = preSolution
		Debug|Any CPU = Debug|Any CPU
		Release|Any CPU = Release|Any CPU
	EndGlobalSection
	GlobalSection(ProjectConfigurationPlatforms) = postSolution
		{CF89E45D-4CCB-482A-96AE-47DC0FBDDA7D}.Debug|Any CPU.ActiveCfg = Debug|Any CPU
		{CF89E45D-4CCB-482A-96AE-47DC0FBDDA7D}.Debug|Any CPU.Build.0 = Debug|Any CPU
		{CF89E45D-4CCB-482A-96AE-47DC0FBDDA7D}.Release|Any CPU.ActiveCfg = Release|Any CPU
		{CF89E45D-4CCB-482A-96AE-47DC0FBDDA7D}.Release|Any CPU.Build.0 = Release|Any CPU
	EndGlobalSection
EndGlobal
